{
  "lockfileVersion": 1,
  "dependencies": {
    "bulma": {
      "version": "0.4.3",
      "resolved": "http://registry.npm.taobao.org/bulma/download/bulma-0.4.3.tgz",
      "integrity": "sha1-Bg2mNLV57ZnXzt8CUdniHh9cdw0="
    },
    "jquery": {
      "version": "3.2.1",
      "resolved": "http://registry.npm.taobao.org/jquery/download/jquery-3.2.1.tgz",
      "integrity": "sha1-XE2d5lKvbNCncBVKYxu6ErAVx4c=",
      "dev": true
    }
  }
}
